// !$*UTF8*$!
{
	archiveVersion = 1;
	classes = {
	};
	objectVersion = 46;
	objects = {

/* Begin PBXBuildFile section */
		99128A441F70EF00005FF2D6 /* main.m in Sources */ = {isa = PBXBuildFile; fileRef = 99128A431F70EF00005FF2D6 /* main.m */; };
		99128A471F70EF00005FF2D6 /* AppDelegate.m in Sources */ = {isa = PBXBuildFile; fileRef = 99128A461F70EF00005FF2D6 /* AppDelegate.m */; };
		99128A4A1F70EF00005FF2D6 /* ViewController.m in Sources */ = {isa = PBXBuildFile; fileRef = 99128A491F70EF00005FF2D6 /* ViewController.m */; };
		99128A4D1F70EF00005FF2D6 /* Main.storyboard in Resources */ = {isa = PBXBuildFile; fileRef = 99128A4B1F70EF00005FF2D6 /* Main.storyboard */; };
		99128A4F1F70EF00005FF2D6 /* Assets.xcassets in Resources */ = {isa = PBXBuildFile; fileRef = 99128A4E1F70EF00005FF2D6 /* Assets.xcassets */; };
		99128A521F70EF00005FF2D6 /* LaunchScreen.storyboard in Resources */ = {isa = PBXBuildFile; fileRef = 99128A501F70EF00005FF2D6 /* LaunchScreen.storyboard */; };
		99128A5C1F70EF40005FF2D6 /* index.html in Resources */ = {isa = PBXBuildFile; fileRef = 99128A5B1F70EF40005FF2D6 /* index.html */; };
		99128A5F1F70F026005FF2D6 /* LSLWebViewController.m in Sources */ = {isa = PBXBuildFile; fileRef = 99128A5E1F70F026005FF2D6 /* LSLWebViewController.m */; };
		99128A621F70F2DD005FF2D6 /* LSLWebTestViewController.m in Sources */ = {isa = PBXBuildFile; fileRef = 99128A611F70F2DD005FF2D6 /* LSLWebTestViewController.m */; };
		99128A661F70FB52005FF2D6 /* LSLWKWebViewController.m in Sources */ = {isa = PBXBuildFile; fileRef = 99128A651F70FB52005FF2D6 /* LSLWKWebViewController.m */; };
		99128A691F70FDA9005FF2D6 /* LSLWKWebTestViewController.m in Sources */ = {isa = PBXBuildFile; fileRef = 99128A681F70FDA9005FF2D6 /* LSLWKWebTestViewController.m */; };
		9916A9601F7395CB0052FF98 /* index2.html in Resources */ = {isa = PBXBuildFile; fileRef = 9916A95F1F7395CB0052FF98 /* index2.html */; };
		9916A9631F7399400052FF98 /* LSLWKScriptMessageHandler.m in Sources */ = {isa = PBXBuildFile; fileRef = 9916A9621F7399400052FF98 /* LSLWKScriptMessageHandler.m */; };
/* End PBXBuildFile section */

/* Begin PBXFileReference section */
		99128A3F1F70EF00005FF2D6 /* WebAndJavaScriptDemo.app */ = {isa = PBXFileReference; explicitFileType = wrapper.application; includeInIndex = 0; path = WebAndJavaScriptDemo.app; sourceTree = BUILT_PRODUCTS_DIR; };
		99128A431F70EF00005FF2D6 /* main.m */ = {isa = PBXFileReference; lastKnownFileType = sourcecode.c.objc; path = main.m; sourceTree = "<group>"; };
		99128A451F70EF00005FF2D6 /* AppDelegate.h */ = {isa = PBXFileReference; lastKnownFileType = sourcecode.c.h; path = AppDelegate.h; sourceTree = "<group>"; };
		99128A461F70EF00005FF2D6 /* AppDelegate.m */ = {isa = PBXFileReference; lastKnownFileType = sourcecode.c.objc; path = AppDelegate.m; sourceTree = "<group>"; };
		99128A481F70EF00005FF2D6 /* ViewController.h */ = {isa = PBXFileReference; lastKnownFileType = sourcecode.c.h; path = ViewController.h; sourceTree = "<group>"; };
		99128A491F70EF00005FF2D6 /* ViewController.m */ = {isa = PBXFileReference; lastKnownFileType = sourcecode.c.objc; path = ViewController.m; sourceTree = "<group>"; };
		99128A4C1F70EF00005FF2D6 /* Base */ = {isa = PBXFileReference; lastKnownFileType = file.storyboard; name = Base; path = Base.lproj/Main.storyboard; sourceTree = "<group>"; };
		99128A4E1F70EF00005FF2D6 /* Assets.xcassets */ = {isa = PBXFileReference; lastKnownFileType = folder.assetcatalog; path = Assets.xcassets; sourceTree = "<group>"; };
		99128A511F70EF00005FF2D6 /* Base */ = {isa = PBXFileReference; lastKnownFileType = file.storyboard; name = Base; path = Base.lproj/LaunchScreen.storyboard; sourceTree = "<group>"; };
		99128A531F70EF00005FF2D6 /* Info.plist */ = {isa = PBXFileReference; lastKnownFileType = text.plist.xml; path = Info.plist; sourceTree = "<group>"; };
		99128A5B1F70EF40005FF2D6 /* index.html */ = {isa = PBXFileReference; fileEncoding = 4; lastKnownFileType = text.html; path = index.html; sourceTree = "<group>"; };
		99128A5D1F70F026005FF2D6 /* LSLWebViewController.h */ = {isa = PBXFileReference; fileEncoding = 4; lastKnownFileType = sourcecode.c.h; path = LSLWebViewController.h; sourceTree = "<group>"; };
		99128A5E1F70F026005FF2D6 /* LSLWebViewController.m */ = {isa = PBXFileReference; fileEncoding = 4; lastKnownFileType = sourcecode.c.objc; path = LSLWebViewController.m; sourceTree = "<group>"; };
		99128A601F70F2DD005FF2D6 /* LSLWebTestViewController.h */ = {isa = PBXFileReference; fileEncoding = 4; lastKnownFileType = sourcecode.c.h; path = LSLWebTestViewController.h; sourceTree = "<group>"; };
		99128A611F70F2DD005FF2D6 /* LSLWebTestViewController.m */ = {isa = PBXFileReference; fileEncoding = 4; lastKnownFileType = sourcecode.c.objc; path = LSLWebTestViewController.m; sourceTree = "<group>"; };
		99128A641F70FB52005FF2D6 /* LSLWKWebViewController.h */ = {isa = PBXFileReference; fileEncoding = 4; lastKnownFileType = sourcecode.c.h; path = LSLWKWebViewController.h; sourceTree = "<group>"; };
		99128A651F70FB52005FF2D6 /* LSLWKWebViewController.m */ = {isa = PBXFileReference; fileEncoding = 4; lastKnownFileType = sourcecode.c.objc; path = LSLWKWebViewController.m; sourceTree = "<group>"; };
		99128A671F70FDA9005FF2D6 /* LSLWKWebTestViewController.h */ = {isa = PBXFileReference; fileEncoding = 4; lastKnownFileType = sourcecode.c.h; path = LSLWKWebTestViewController.h; sourceTree = "<group>"; };
		99128A681F70FDA9005FF2D6 /* LSLWKWebTestViewController.m */ = {isa = PBXFileReference; fileEncoding = 4; lastKnownFileType = sourcecode.c.objc; path = LSLWKWebTestViewController.m; sourceTree = "<group>"; };
		9916A95F1F7395CB0052FF98 /* index2.html */ = {isa = PBXFileReference; fileEncoding = 4; lastKnownFileType = text.html; path = index2.html; sourceTree = "<group>"; };
		9916A9611F7399400052FF98 /* LSLWKScriptMessageHandler.h */ = {isa = PBXFileReference; fileEncoding = 4; lastKnownFileType = sourcecode.c.h; path = LSLWKScriptMessageHandler.h; sourceTree = "<group>"; };
		9916A9621F7399400052FF98 /* LSLWKScriptMessageHandler.m */ = {isa = PBXFileReference; fileEncoding = 4; lastKnownFileType = sourcecode.c.objc; path = LSLWKScriptMessageHandler.m; sourceTree = "<group>"; };
/* End PBXFileReference section */

/* Begin PBXFrameworksBuildPhase section */
		99128A3C1F70EF00005FF2D6 /* Frameworks */ = {
			isa = PBXFrameworksBuildPhase;
			buildActionMask = 2147483647;
			files = (
			);
			runOnlyForDeploymentPostprocessing = 0;
		};
/* End PBXFrameworksBuildPhase section */

/* Begin PBXGroup section */
		99128A361F70EF00005FF2D6 = {
			isa = PBXGroup;
			children = (
				99128A411F70EF00005FF2D6 /* WebAndJavaScriptDemo */,
				99128A401F70EF00005FF2D6 /* Products */,
			);
			sourceTree = "<group>";
		};
		99128A401F70EF00005FF2D6 /* Products */ = {
			isa = PBXGroup;
			children = (
				99128A3F1F70EF00005FF2D6 /* WebAndJavaScriptDemo.app */,
			);
			name = Products;
			sourceTree = "<group>";
		};
		99128A411F70EF00005FF2D6 /* WebAndJavaScriptDemo */ = {
			isa = PBXGroup;
			children = (
				99128A591F70EF32005FF2D6 /* Html */,
				99128A5A1F70EF32005FF2D6 /* WebView */,
				99128A631F70F2FB005FF2D6 /* Test */,
				99128A451F70EF00005FF2D6 /* AppDelegate.h */,
				99128A461F70EF00005FF2D6 /* AppDelegate.m */,
				99128A481F70EF00005FF2D6 /* ViewController.h */,
				99128A491F70EF00005FF2D6 /* ViewController.m */,
				99128A4B1F70EF00005FF2D6 /* Main.storyboard */,
				99128A4E1F70EF00005FF2D6 /* Assets.xcassets */,
				99128A501F70EF00005FF2D6 /* LaunchScreen.storyboard */,
				99128A531F70EF00005FF2D6 /* Info.plist */,
				99128A421F70EF00005FF2D6 /* Supporting Files */,
			);
			path = WebAndJavaScriptDemo;
			sourceTree = "<group>";
		};
		99128A421F70EF00005FF2D6 /* Supporting Files */ = {
			isa = PBXGroup;
			children = (
				99128A431F70EF00005FF2D6 /* main.m */,
			);
			name = "Supporting Files";
			sourceTree = "<group>";
		};
		99128A591F70EF32005FF2D6 /* Html */ = {
			isa = PBXGroup;
			children = (
				99128A5B1F70EF40005FF2D6 /* index.html */,
				9916A95F1F7395CB0052FF98 /* index2.html */,
			);
			path = Html;
			sourceTree = "<group>";
		};
		99128A5A1F70EF32005FF2D6 /* WebView */ = {
			isa = PBXGroup;
			children = (
				99128A5D1F70F026005FF2D6 /* LSLWebViewController.h */,
				99128A5E1F70F026005FF2D6 /* LSLWebViewController.m */,
				99128A641F70FB52005FF2D6 /* LSLWKWebViewController.h */,
				99128A651F70FB52005FF2D6 /* LSLWKWebViewController.m */,
				9916A9611F7399400052FF98 /* LSLWKScriptMessageHandler.h */,
				9916A9621F7399400052FF98 /* LSLWKScriptMessageHandler.m */,
			);
			path = WebView;
			sourceTree = "<group>";
		};
		99128A631F70F2FB005FF2D6 /* Test */ = {
			isa = PBXGroup;
			children = (
				99128A601F70F2DD005FF2D6 /* LSLWebTestViewController.h */,
				99128A611F70F2DD005FF2D6 /* LSLWebTestViewController.m */,
				99128A671F70FDA9005FF2D6 /* LSLWKWebTestViewController.h */,
				99128A681F70FDA9005FF2D6 /* LSLWKWebTestViewController.m */,
			);
			name = Test;
			sourceTree = "<group>";
		};
/* End PBXGroup section */

/* Begin PBXNativeTarget section */
		99128A3E1F70EF00005FF2D6 /* WebAndJavaScriptDemo */ = {
			isa = PBXNativeTarget;
			buildConfigurationList = 99128A561F70EF00005FF2D6 /* Build configuration list for PBXNativeTarget "WebAndJavaScriptDemo" */;
			buildPhases = (
				99128A3B1F70EF00005FF2D6 /* Sources */,
				99128A3C1F70EF00005FF2D6 /* Frameworks */,
				99128A3D1F70EF00005FF2D6 /* Resources */,
			);
			buildRules = (
			);
			dependencies = (
			);
			name = WebAndJavaScriptDemo;
			productName = WebAndJavaScriptDemo;
			productReference = 99128A3F1F70EF00005FF2D6 /* WebAndJavaScriptDemo.app */;
			productType = "com.apple.product-type.application";
		};
/* End PBXNativeTarget section */

/* Begin PBXProject section */
		99128A371F70EF00005FF2D6 /* Project object */ = {
			isa = PBXProject;
			attributes = {
				LastUpgradeCheck = 0820;
				ORGANIZATIONNAME = LongShaoDream;
				TargetAttributes = {
					99128A3E1F70EF00005FF2D6 = {
						CreatedOnToolsVersion = 8.2.1;
						DevelopmentTeam = HBBKUSRZMD;
						ProvisioningStyle = Automatic;
					};
				};
			};
			buildConfigurationList = 99128A3A1F70EF00005FF2D6 /* Build configuration list for PBXProject "WebAndJavaScriptDemo" */;
			compatibilityVersion = "Xcode 3.2";
			developmentRegion = English;
			hasScannedForEncodings = 0;
			knownRegions = (
				en,
				Base,
			);
			mainGroup = 99128A361F70EF00005FF2D6;
			productRefGroup = 99128A401F70EF00005FF2D6 /* Products */;
			projectDirPath = "";
			projectRoot = "";
			targets = (
				99128A3E1F70EF00005FF2D6 /* WebAndJavaScriptDemo */,
			);
		};
/* End PBXProject section */

/* Begin PBXResourcesBuildPhase section */
		99128A3D1F70EF00005FF2D6 /* Resources */ = {
			isa = PBXResourcesBuildPhase;
			buildActionMask = 2147483647;
			files = (
				99128A521F70EF00005FF2D6 /* LaunchScreen.storyboard in Resources */,
				99128A5C1F70EF40005FF2D6 /* index.html in Resources */,
				99128A4F1F70EF00005FF2D6 /* Assets.xcassets in Resources */,
				99128A4D1F70EF00005FF2D6 /* Main.storyboard in Resources */,
				9916A9601F7395CB0052FF98 /* index2.html in Resources */,
			);
			runOnlyForDeploymentPostprocessing = 0;
		};
/* End PBXResourcesBuildPhase section */

/* Begin PBXSourcesBuildPhase section */
		99128A3B1F70EF00005FF2D6 /* Sources */ = {
			isa = PBXSourcesBuildPhase;
			buildActionMask = 2147483647;
			files = (
				99128A621F70F2DD005FF2D6 /* LSLWebTestViewController.m in Sources */,
				99128A4A1F70EF00005FF2D6 /* ViewController.m in Sources */,
				99128A5F1F70F026005FF2D6 /* LSLWebViewController.m in Sources */,
				9916A9631F7399400052FF98 /* LSLWKScriptMessageHandler.m in Sources */,
				99128A691F70FDA9005FF2D6 /* LSLWKWebTestViewController.m in Sources */,
				99128A471F70EF00005FF2D6 /* AppDelegate.m in Sources */,
				99128A441F70EF00005FF2D6 /* main.m in Sources */,
				99128A661F70FB52005FF2D6 /* LSLWKWebViewController.m in Sources */,
			);
			runOnlyForDeploymentPostprocessing = 0;
		};
/* End PBXSourcesBuildPhase section */

/* Begin PBXVariantGroup section */
		99128A4B1F70EF00005FF2D6 /* Main.storyboard */ = {
			isa = PBXVariantGroup;
			children = (
				99128A4C1F70EF00005FF2D6 /* Base */,
			);
			name = Main.storyboard;
			sourceTree = "<group>";
		};
		99128A501F70EF00005FF2D6 /* LaunchScreen.storyboard */ = {
			isa = PBXVariantGroup;
			children = (
				99128A511F70EF00005FF2D6 /* Base */,
			);
			name = LaunchScreen.storyboard;
			sourceTree = "<group>";
		};
/* End PBXVariantGroup section */

/* Begin XCBuildConfiguration section */
		99128A541F70EF00005FF2D6 /* Debug */ = {
			isa = XCBuildConfiguration;
			buildSettings = {
				ALWAYS_SEARCH_USER_PATHS = NO;
				CLANG_ANALYZER_NONNULL = YES;
				CLANG_CXX_LANGUAGE_STANDARD = "gnu++0x";
				CLANG_CXX_LIBRARY = "libc++";
				CLANG_ENABLE_MODULES = YES;
				CLANG_ENABLE_OBJC_ARC = YES;
				CLANG_WARN_BOOL_CONVERSION = YES;
				CLANG_WARN_CONSTANT_CONVERSION = YES;
				CLANG_WARN_DIRECT_OBJC_ISA_USAGE = YES_ERROR;
				CLANG_WARN_DOCUMENTATION_COMMENTS = YES;
				CLANG_WARN_EMPTY_BODY = YES;
				CLANG_WARN_ENUM_CONVERSION = YES;
				CLANG_WARN_INFINITE_RECURSION = YES;
				CLANG_WARN_INT_CONVERSION = YES;
				CLANG_WARN_OBJC_ROOT_CLASS = YES_ERROR;
				CLANG_WARN_SUSPICIOUS_MOVE = YES;
				CLANG_WARN_UNREACHABLE_CODE = YES;
				CLANG_WARN__DUPLICATE_METHOD_MATCH = YES;
				"CODE_SIGN_IDENTITY[sdk=iphoneos*]" = "iPhone Developer";
				COPY_PHASE_STRIP = NO;
				DEBUG_INFORMATION_FORMAT = dwarf;
				ENABLE_STRICT_OBJC_MSGSEND = YES;
				ENABLE_TESTABILITY = YES;
				GCC_C_LANGUAGE_STANDARD = gnu99;
				GCC_DYNAMIC_NO_PIC = NO;
				GCC_NO_COMMON_BLOCKS = YES;
				GCC_OPTIMIZATION_LEVEL = 0;
				GCC_PREPROCESSOR_DEFINITIONS = (
					"DEBUG=1",
					"$(inherited)",
				);
				GCC_WARN_64_TO_32_BIT_CONVERSION = YES;
				GCC_WARN_ABOUT_RETURN_TYPE = YES_ERROR;
				GCC_WARN_UNDECLARED_SELECTOR = YES;
				GCC_WARN_UNINITIALIZED_AUTOS = YES_AGGRESSIVE;
				GCC_WARN_UNUSED_FUNCTION = YES;
				GCC_WARN_UNUSED_VARIABLE = YES;
				IPHONEOS_DEPLOYMENT_TARGET = 10.2;
				MTL_ENABLE_DEBUG_INFO = YES;
				ONLY_ACTIVE_ARCH = YES;
				SDKROOT = iphoneos;
			};
			name = Debug;
		};
		99128A551F70EF00005FF2D6 /* Release */ = {
			isa = XCBuildConfiguration;
			buildSettings = {
				ALWAYS_SEARCH_USER_PATHS = NO;
				CLANG_ANALYZER_NONNULL = YES;
				CLANG_CXX_LANGUAGE_STANDARD = "gnu++0x";
				CLANG_CXX_LIBRARY = "libc++";
				CLANG_ENABLE_MODULES = YES;
				CLANG_ENABLE_OBJC_ARC = YES;
				CLANG_WARN_BOOL_CONVERSION = YES;
				CLANG_WARN_CONSTANT_CONVERSION = YES;
				CLANG_WARN_DIRECT_OBJC_ISA_USAGE = YES_ERROR;
				CLANG_WARN_DOCUMENTATION_COMMENTS = YES;
				CLANG_WARN_EMPTY_BODY = YES;
				CLANG_WARN_ENUM_CONVERSION = YES;
				CLANG_WARN_INFINITE_RECURSION = YES;
				CLANG_WARN_INT_CONVERSION = YES;
				CLANG_WARN_OBJC_ROOT_CLASS = YES_ERROR;
				CLANG_WARN_SUSPICIOUS_MOVE = YES;
				CLANG_WARN_UNREACHABLE_CODE = YES;
				CLANG_WARN__DUPLICATE_METHOD_MATCH = YES;
				"CODE_SIGN_IDENTITY[sdk=iphoneos*]" = "iPhone Developer";
				COPY_PHASE_STRIP = NO;
				DEBUG_INFORMATION_FORMAT = "dwarf-with-dsym";
				ENABLE_NS_ASSERTIONS = NO;
				ENABLE_STRICT_OBJC_MSGSEND = YES;
				GCC_C_LANGUAGE_STANDARD = gnu99;
				GCC_NO_COMMON_BLOCKS = YES;
				GCC_WARN_64_TO_32_BIT_CONVERSION = YES;
				GCC_WARN_ABOUT_RETURN_TYPE = YES_ERROR;
				GCC_WARN_UNDECLARED_SELECTOR = YES;
				GCC_WARN_UNINITIALIZED_AUTOS = YES_AGGRESSIVE;
				GCC_WARN_UNUSED_FUNCTION = YES;
				GCC_WARN_UNUSED_VARIABLE = YES;
				IPHONEOS_DEPLOYMENT_TARGET = 10.2;
				MTL_ENABLE_DEBUG_INFO = NO;
				SDKROOT = iphoneos;
				VALIDATE_PRODUCT = YES;
			};
			name = Release;
		};
		99128A571F70EF00005FF2D6 /* Debug */ = {
			isa = XCBuildConfiguration;
			buildSettings = {
				ASSETCATALOG_COMPILER_APPICON_NAME = AppIcon;
				DEVELOPMENT_TEAM = HBBKUSRZMD;
				INFOPLIST_FILE = WebAndJavaScriptDemo/Info.plist;
				LD_RUNPATH_SEARCH_PATHS = "$(inherited) @executable_path/Frameworks";
				PRODUCT_BUNDLE_IDENTIFIER = com.dream.WebAndJavaScriptDemo;
				PRODUCT_NAME = "$(TARGET_NAME)";
			};
			name = Debug;
		};
		99128A581F70EF00005FF2D6 /* Release */ = {
			isa = XCBuildConfiguration;
			buildSettings = {
				ASSETCATALOG_COMPILER_APPICON_NAME = AppIcon;
				DEVELOPMENT_TEAM = HBBKUSRZMD;
				INFOPLIST_FILE = WebAndJavaScriptDemo/Info.plist;
				LD_RUNPATH_SEARCH_PATHS = "$(inherited) @executable_path/Frameworks";
				PRODUCT_BUNDLE_IDENTIFIER = com.dream.WebAndJavaScriptDemo;
				PRODUCT_NAME = "$(TARGET_NAME)";
			};
			name = Release;
		};
/* End XCBuildConfiguration section */

/* Begin XCConfigurationList section */
		99128A3A1F70EF00005FF2D6 /* Build configuration list for PBXProject "WebAndJavaScriptDemo" */ = {
			isa = XCConfigurationList;
			buildConfigurations = (
				99128A541F70EF00005FF2D6 /* Debug */,
				99128A551F70EF00005FF2D6 /* Release */,
			);
			defaultConfigurationIsVisible = 0;
			defaultConfigurationName = Release;
		};
		99128A561F70EF00005FF2D6 /* Build configuration list for PBXNativeTarget "WebAndJavaScriptDemo" */ = {
			isa = XCConfigurationList;
			buildConfigurations = (
				99128A571F70EF00005FF2D6 /* Debug */,
				99128A581F70EF00005FF2D6 /* Release */,
			);
			defaultConfigurationIsVisible = 0;
			defaultConfigurationName = Release;
		};
/* End XCConfigurationList section */
	};
	rootObject = 99128A371F70EF00005FF2D6 /* Project object */;
}
